
Microsoft Visual Studio Solution File, Format Version 12.00
# Visual Studio Version 17
VisualStudioVersion = 17.8.34309.116
MinimumVisualStudioVersion = 10.0.40219.1
Project("{FAE04EC0-301F-11D3-BF4B-00C04F79EFBC}") = "ContainerShip", "ContainerShip\ContainerShip.csproj", "{A46294B6-0C9C-43E8-9A4E-6DFEE69070A1}"
EndProject
Project("{FAE04EC0-301F-11D3-BF4B-00C04F79EFBC}") = "ContainerShip.Core", "ContainerShip.BLL\ContainerShip.Core.csproj", "{15282ED6-E536-47DB-870E-9DCFE1259D68}"
EndProject
Project("{FAE04EC0-301F-11D3-BF4B-00C04F79EFBC}") = "Test Layer", "Test Layer\Test Layer.csproj", "{7A5A09F1-FB71-401C-B5CF-201222F84C2C}"
EndProject
Global
	GlobalSection(SolutionConfigurationPlatforms) = preSolution
		Debug|Any CPU = Debug|Any CPU
		Release|Any CPU = Release|Any CPU
	EndGlobalSection
	GlobalSection(ProjectConfigurationPlatforms) = postSolution
		{A46294B6-0C9C-43E8-9A4E-6DFEE69070A1}.Debug|Any CPU.ActiveCfg = Debug|Any CPU
		{A46294B6-0C9C-43E8-9A4E-6DFEE69070A1}.Debug|Any CPU.Build.0 = Debug|Any CPU
		{A46294B6-0C9C-43E8-9A4E-6DFEE69070A1}.Release|Any CPU.ActiveCfg = Release|Any CPU
		{A46294B6-0C9C-43E8-9A4E-6DFEE69070A1}.Release|Any CPU.Build.0 = Release|Any CPU
		{15282ED6-E536-47DB-870E-9DCFE1259D68}.Debug|Any CPU.ActiveCfg = Debug|Any CPU
		{15282ED6-E536-47DB-870E-9DCFE1259D68}.Debug|Any CPU.Build.0 = Debug|Any CPU
		{15282ED6-E536-47DB-870E-9DCFE1259D68}.Release|Any CPU.ActiveCfg = Release|Any CPU
		{15282ED6-E536-47DB-870E-9DCFE1259D68}.Release|Any CPU.Build.0 = Release|Any CPU
		{7A5A09F1-FB71-401C-B5CF-201222F84C2C}.Debug|Any CPU.ActiveCfg = Debug|Any CPU
		{7A5A09F1-FB71-401C-B5CF-201222F84C2C}.Debug|Any CPU.Build.0 = Debug|Any CPU
		{7A5A09F1-FB71-401C-B5CF-201222F84C2C}.Release|Any CPU.ActiveCfg = Release|Any CPU
		{7A5A09F1-FB71-401C-B5CF-201222F84C2C}.Release|Any CPU.Build.0 = Release|Any CPU
	EndGlobalSection
	GlobalSection(SolutionProperties) = preSolution
		HideSolutionNode = FALSE
	EndGlobalSection
	GlobalSection(ExtensibilityGlobals) = postSolution
		SolutionGuid = {EC5CD37D-0849-47B7-8845-45B137761A86}
	EndGlobalSection
EndGlobal
